Microsoft Visual Studio Solution File, Format Version 11.00
# Visual Studio 2008

Project("{4385A721-1CA2-E264-5B62-6C2C7461A6F6}") = "GrassReaper", "Assembly-CSharp.csproj", "{DA8F322A-B9F0-19D0-8D2A-B428A6F01398}"
EndProject
Project("{4385A721-1CA2-E264-5B62-6C2C7461A6F6}") = "GrassReaper", "Assembly-CSharp-Editor.csproj", "{9EE69A34-B44E-AC47-CB64-5250E0CBBCA6}"
EndProject
Global
	GlobalSection(SolutionConfigurationPlatforms) = preSolution
		Debug|Any CPU = Debug|Any CPU
		Release|Any CPU = Release|Any CPU
	EndGlobalSection
	GlobalSection(ProjectConfigurationPlatforms) = postSolution
		{DA8F322A-B9F0-19D0-8D2A-B428A6F01398}.Debug|Any CPU.ActiveCfg = Debug|Any CPU
		{DA8F322A-B9F0-19D0-8D2A-B428A6F01398}.Debug|Any CPU.Build.0 = Debug|Any CPU
		{DA8F322A-B9F0-19D0-8D2A-B428A6F01398}.Release|Any CPU.ActiveCfg = Release|Any CPU
		{DA8F322A-B9F0-19D0-8D2A-B428A6F01398}.Release|Any CPU.Build.0 = Release|Any CPU
		{9EE69A34-B44E-AC47-CB64-5250E0CBBCA6}.Debug|Any CPU.ActiveCfg = Debug|Any CPU
		{9EE69A34-B44E-AC47-CB64-5250E0CBBCA6}.Debug|Any CPU.Build.0 = Debug|Any CPU
		{9EE69A34-B44E-AC47-CB64-5250E0CBBCA6}.Release|Any CPU.ActiveCfg = Release|Any CPU
		{9EE69A34-B44E-AC47-CB64-5250E0CBBCA6}.Release|Any CPU.Build.0 = Release|Any CPU
	EndGlobalSection
	GlobalSection(SolutionProperties) = preSolution
		HideSolutionNode = FALSE
	EndGlobalSection
	GlobalSection(MonoDevelopProperties) = preSolution
		StartupItem = Assembly-CSharp.csproj
	EndGlobalSection
EndGlobal
